
Microsoft Visual Studio Solution File, Format Version 12.00
# Visual Studio Version 17
VisualStudioVersion = 17.0.31903.59
MinimumVisualStudioVersion = 10.0.40219.1
Project("{FAE04EC0-301F-11D3-BF4B-00C04F79EFBC}") = "Senlinz.Permissions.Abstractions", "src\Senlinz.Permissions.Abstractions\Senlinz.Permissions.Abstractions.csproj", "{55B7504A-1E04-47B9-92DD-E72F8DCFD152}"
EndProject
Project("{FAE04EC0-301F-11D3-BF4B-00C04F79EFBC}") = "Senlinz.Permissions", "src\Senlinz.Permissions\Senlinz.Permissions.csproj", "{0AA766F7-12B5-401A-AF3B-5BDAB8C2BD85}"
EndProject
Project("{FAE04EC0-301F-11D3-BF4B-00C04F79EFBC}") = "Senlinz.Permissions.AspNetCore", "src\Senlinz.Permissions.AspNetCore\Senlinz.Permissions.AspNetCore.csproj", "{50DA0034-F8F0-4559-ABB0-B6EC6F517AFA}"
	ProjectSection(ProjectDependencies) = postProject
		{55B7504A-1E04-47B9-92DD-E72F8DCFD152} = {55B7504A-1E04-47B9-92DD-E72F8DCFD152}
	EndProjectSection
EndProject
Global
	GlobalSection(SolutionConfigurationPlatforms) = preSolution
		Debug|Any CPU = Debug|Any CPU
		Debug|x64 = Debug|x64
		Debug|x86 = Debug|x86
		Release|Any CPU = Release|Any CPU
		Release|x64 = Release|x64
		Release|x86 = Release|x86
	EndGlobalSection
	GlobalSection(ProjectConfigurationPlatforms) = postSolution
		{55B7504A-1E04-47B9-92DD-E72F8DCFD152}.Debug|Any CPU.ActiveCfg = Debug|Any CPU
		{55B7504A-1E04-47B9-92DD-E72F8DCFD152}.Debug|Any CPU.Build.0 = Debug|Any CPU
		{55B7504A-1E04-47B9-92DD-E72F8DCFD152}.Debug|x64.ActiveCfg = Debug|Any CPU
		{55B7504A-1E04-47B9-92DD-E72F8DCFD152}.Debug|x64.Build.0 = Debug|Any CPU
		{55B7504A-1E04-47B9-92DD-E72F8DCFD152}.Debug|x86.ActiveCfg = Debug|Any CPU
		{55B7504A-1E04-47B9-92DD-E72F8DCFD152}.Debug|x86.Build.0 = Debug|Any CPU
		{55B7504A-1E04-47B9-92DD-E72F8DCFD152}.Release|Any CPU.ActiveCfg = Release|Any CPU
		{55B7504A-1E04-47B9-92DD-E72F8DCFD152}.Release|Any CPU.Build.0 = Release|Any CPU
		{55B7504A-1E04-47B9-92DD-E72F8DCFD152}.Release|x64.ActiveCfg = Release|Any CPU
		{55B7504A-1E04-47B9-92DD-E72F8DCFD152}.Release|x64.Build.0 = Release|Any CPU
		{55B7504A-1E04-47B9-92DD-E72F8DCFD152}.Release|x86.ActiveCfg = Release|Any CPU
		{55B7504A-1E04-47B9-92DD-E72F8DCFD152}.Release|x86.Build.0 = Release|Any CPU
		{0AA766F7-12B5-401A-AF3B-5BDAB8C2BD85}.Debug|Any CPU.ActiveCfg = Debug|Any CPU
		{0AA766F7-12B5-401A-AF3B-5BDAB8C2BD85}.Debug|Any CPU.Build.0 = Debug|Any CPU
		{0AA766F7-12B5-401A-AF3B-5BDAB8C2BD85}.Debug|x64.ActiveCfg = Debug|Any CPU
		{0AA766F7-12B5-401A-AF3B-5BDAB8C2BD85}.Debug|x64.Build.0 = Debug|Any CPU
		{0AA766F7-12B5-401A-AF3B-5BDAB8C2BD85}.Debug|x86.ActiveCfg = Debug|Any CPU
		{0AA766F7-12B5-401A-AF3B-5BDAB8C2BD85}.Debug|x86.Build.0 = Debug|Any CPU
		{0AA766F7-12B5-401A-AF3B-5BDAB8C2BD85}.Release|Any CPU.ActiveCfg = Release|Any CPU
		{0AA766F7-12B5-401A-AF3B-5BDAB8C2BD85}.Release|Any CPU.Build.0 = Release|Any CPU
		{0AA766F7-12B5-401A-AF3B-5BDAB8C2BD85}.Release|x64.ActiveCfg = Release|Any CPU
		{0AA766F7-12B5-401A-AF3B-5BDAB8C2BD85}.Release|x64.Build.0 = Release|Any CPU
		{0AA766F7-12B5-401A-AF3B-5BDAB8C2BD85}.Release|x86.ActiveCfg = Release|Any CPU
		{0AA766F7-12B5-401A-AF3B-5BDAB8C2BD85}.Release|x86.Build.0 = Release|Any CPU
		{50DA0034-F8F0-4559-ABB0-B6EC6F517AFA}.Debug|Any CPU.ActiveCfg = Debug|Any CPU
		{50DA0034-F8F0-4559-ABB0-B6EC6F517AFA}.Debug|Any CPU.Build.0 = Debug|Any CPU
		{50DA0034-F8F0-4559-ABB0-B6EC6F517AFA}.Debug|x64.ActiveCfg = Debug|Any CPU
		{50DA0034-F8F0-4559-ABB0-B6EC6F517AFA}.Debug|x64.Build.0 = Debug|Any CPU
		{50DA0034-F8F0-4559-ABB0-B6EC6F517AFA}.Debug|x86.ActiveCfg = Debug|Any CPU
		{50DA0034-F8F0-4559-ABB0-B6EC6F517AFA}.Debug|x86.Build.0 = Debug|Any CPU
		{50DA0034-F8F0-4559-ABB0-B6EC6F517AFA}.Release|Any CPU.ActiveCfg = Release|Any CPU
		{50DA0034-F8F0-4559-ABB0-B6EC6F517AFA}.Release|Any CPU.Build.0 = Release|Any CPU
		{50DA0034-F8F0-4559-ABB0-B6EC6F517AFA}.Release|x64.ActiveCfg = Release|Any CPU
		{50DA0034-F8F0-4559-ABB0-B6EC6F517AFA}.Release|x64.Build.0 = Release|Any CPU
		{50DA0034-F8F0-4559-ABB0-B6EC6F517AFA}.Release|x86.ActiveCfg = Release|Any CPU
		{50DA0034-F8F0-4559-ABB0-B6EC6F517AFA}.Release|x86.Build.0 = Release|Any CPU
	EndGlobalSection
	GlobalSection(SolutionProperties) = preSolution
		HideSolutionNode = FALSE
	EndGlobalSection
EndGlobal
